{
  "nodes": {
    "apple-fonts": {
      "inputs": {
        "ci": "ci",
        "nixpkgs": "nixpkgs",
        "ny": "ny",
        "sf-arabic": "sf-arabic",
        "sf-armenian": "sf-armenian",
        "sf-compact": "sf-compact",
        "sf-georgian": "sf-georgian",
        "sf-hebrew": "sf-hebrew",
        "sf-mono": "sf-mono",
        "sf-pro": "sf-pro"
      },
      "locked": {
        "lastModified": 1782587760,
        "narHash": "sha256-I9PRLePA5QNKEyDFsN5eIVk0dxFRGAL0Z/LjOWnA75Y=",
        "owner": "Lyndeno",
        "repo": "apple-fonts.nix",
        "rev": "ce044f6829c6b3ccde9624116577ba2c173ca49d",
        "type": "github"
      },
      "original": {
        "owner": "Lyndeno",
        "repo": "apple-fonts.nix",
        "type": "github"
      }
    },
    "blueprint": {
      "inputs": {
        "nixpkgs": [
          "apple-fonts",
          "ci",
          "nixpkgs"
        ],
        "systems": [
          "apple-fonts",
          "ci"
        ]
      },
      "locked": {
        "lastModified": 1776249299,
        "narHash": "sha256-Dt9t1TGRmJFc0xVYhttNBD6QsAgHOHCArqGa0AyjrJY=",
        "owner": "numtide",
        "repo": "blueprint",
        "rev": "56131e8628f173d24a27f6d27c0215eff57e40dd",
        "type": "github"
      },
      "original": {
        "owner": "numtide",
        "repo": "blueprint",
        "type": "github"
      }
    },
    "boot-wars-grub": {
      "inputs": {
        "nixpkgs": "nixpkgs_2"
      },
      "locked": {
        "lastModified": 1784486712,
        "narHash": "sha256-b/d8Ox1HplibNfgvsfWHxTWzAr5o2msHOneZOwrZ99w=",
        "owner": "SaharaSurfer",
        "repo": "boot-wars-grub",
        "rev": "a7f9349ffb3a56dd1f90415435b72af681cf0eb7",
        "type": "github"
      },
      "original": {
        "owner": "SaharaSurfer",
        "repo": "boot-wars-grub",
        "type": "github"
      }
    },
    "boot-wars-plymouth": {
      "inputs": {
        "nixpkgs": "nixpkgs_3"
      },
      "locked": {
        "lastModified": 1784666262,
        "narHash": "sha256-rkgrbalGRNcOB+TpIHtZqUEOUTHQKwfXPiWxYaJ3JkI=",
        "owner": "SaharaSurfer",
        "repo": "boot-wars-plymouth",
        "rev": "e4fbc4fbde4e430c592320fa830e8619004a21e1",
        "type": "github"
      },
      "original": {
        "owner": "SaharaSurfer",
        "repo": "boot-wars-plymouth",
        "type": "github"
      }
    },
    "ci": {
      "inputs": {
        "blueprint": "blueprint",
        "nixpkgs": [
          "apple-fonts",
          "nixpkgs"
        ]
      },
      "locked": {
        "lastModified": 1779849193,
        "narHash": "sha256-Bc80n+fA3NtxqYHWcdb1XFuYLaV+yX2xnvDRnwAv4ak=",
        "owner": "Lyndeno",
        "repo": "ci",
        "rev": "38cfa6f01bdaf91bc4ce44176b322bab2bb208a0",
        "type": "github"
      },
      "original": {
        "owner": "Lyndeno",
        "repo": "ci",
        "type": "github"
      }
    },
    "flake-parts": {
      "inputs": {
        "nixpkgs-lib": "nixpkgs-lib"
      },
      "locked": {
        "lastModified": 1782949081,
        "narHash": "sha256-vp6Y/Grm98ESt6ceOkWiHWyZRDV3J1RID4w+6NWK9yA=",
        "owner": "hercules-ci",
        "repo": "flake-parts",
        "rev": "17c9d6cdfc60c64f4ee8d306f9bc0b4ccb51481e",
        "type": "github"
      },
      "original": {
        "owner": "hercules-ci",
        "repo": "flake-parts",
        "type": "github"
      }
    },
    "import-tree": {
      "locked": {
        "lastModified": 1784254960,
        "narHash": "sha256-iI88R3wHz8wTKQb5orvpc51L/Xr64AJyxid/0MKa/b8=",
        "owner": "vic",
        "repo": "import-tree",
        "rev": "4ebb10ae17d5f1ad366e7aef5b92cb8eecf24f69",
        "type": "github"
      },
      "original": {
        "owner": "vic",
        "repo": "import-tree",
        "type": "github"
      }
    },
    "nixpkgs": {
      "locked": {
        "lastModified": 1771848320,
        "narHash": "sha256-0MAd+0mun3K/Ns8JATeHT1sX28faLII5hVLq0L3BdZU=",
        "owner": "nixos",
        "repo": "nixpkgs",
        "rev": "2fc6539b481e1d2569f25f8799236694180c0993",
        "type": "github"
      },
      "original": {
        "owner": "nixos",
        "ref": "nixos-unstable",
        "repo": "nixpkgs",
        "type": "github"
      }
    },
    "nixpkgs-lib": {
      "locked": {
        "lastModified": 1782614948,
        "narHash": "sha256-ePjCwr1sNm9NYUqywL7QfK3JnlS015msC+eBu2zKlp8=",
        "owner": "nix-community",
        "repo": "nixpkgs.lib",
        "rev": "db3f255737b94216eb71cce308e2912cf6bc2d7c",
        "type": "github"
      },
      "original": {
        "owner": "nix-community",
        "repo": "nixpkgs.lib",
        "type": "github"
      }
    },
    "nixpkgs_2": {
      "locked": {
        "lastModified": 1784356753,
        "narHash": "sha256-12KrbMiWLcf8m7pCvAtZh1ZrgF85ZXDXvfR/fWTKy84=",
        "owner": "nixos",
        "repo": "nixpkgs",
        "rev": "61b7c44c4073f0b827768aff0049561b5110ea5a",
        "type": "github"
      },
      "original": {
        "owner": "nixos",
        "ref": "nixos-unstable",
        "repo": "nixpkgs",
        "type": "github"
      }
    },
    "nixpkgs_3": {
      "locked": {
        "lastModified": 1784497964,
        "narHash": "sha256-vlHUuqAcbcH2RKmHbPiuQzbv1pnzzavXnI62RD0bqCU=",
        "owner": "nixos",
        "repo": "nixpkgs",
        "rev": "241313f4e8e508cb9b13278c2b0fa25b9ca27163",
        "type": "github"
      },
      "original": {
        "owner": "nixos",
        "ref": "nixos-unstable",
        "repo": "nixpkgs",
        "type": "github"
      }
    },
    "nixpkgs_4": {
      "locked": {
        "lastModified": 1784497964,
        "narHash": "sha256-vlHUuqAcbcH2RKmHbPiuQzbv1pnzzavXnI62RD0bqCU=",
        "owner": "nixos",
        "repo": "nixpkgs",
        "rev": "241313f4e8e508cb9b13278c2b0fa25b9ca27163",
        "type": "github"
      },
      "original": {
        "owner": "nixos",
        "ref": "nixos-unstable",
        "repo": "nixpkgs",
        "type": "github"
      }
    },
    "nixpkgs_5": {
      "locked": {
        "lastModified": 1784356753,
        "narHash": "sha256-zupdTm41be2fY8cexroEOGjopl3F2Gqs3gk7ieqaM3s=",
        "rev": "61b7c44c4073f0b827768aff0049561b5110ea5a",
        "type": "tarball",
        "url": "https://releases.nixos.org/nixos/unstable/nixos-26.11pre1036777.61b7c44c4073/nixexprs.tar.xz"
      },
      "original": {
        "type": "tarball",
        "url": "https://channels.nixos.org/nixos-unstable/nixexprs.tar.xz"
      }
    },
    "nixpkgs_6": {
      "locked": {
        "lastModified": 1780336545,
        "narHash": "sha256-vhVhuXzFrIOfcssC/9hDHx7MHzDKjF3keHuREOQqQiQ=",
        "owner": "NixOS",
        "repo": "nixpkgs",
        "rev": "4df1b885d76a54e1aa1a318f8d16fd6005b6401f",
        "type": "github"
      },
      "original": {
        "owner": "NixOS",
        "ref": "nixpkgs-unstable",
        "repo": "nixpkgs",
        "type": "github"
      }
    },
    "noctalia": {
      "inputs": {
        "nixpkgs": "nixpkgs_5"
      },
      "locked": {
        "lastModified": 1784820380,
        "narHash": "sha256-jXz2vFHgidbyU46ScROLSuBIhsqqtyqNu2M0tmGX/FA=",
        "owner": "noctalia-dev",
        "repo": "noctalia",
        "rev": "4c2dcd0995f9c570c0ced95561bf5e4685e2ad1b",
        "type": "github"
      },
      "original": {
        "owner": "noctalia-dev",
        "ref": "v5.0.0-beta.4",
        "repo": "noctalia",
        "type": "github"
      }
    },
    "ny": {
      "flake": false,
      "locked": {
        "narHash": "sha256-3257NAH4qlan2YHVLpNRy7x8IJqR2pal3OzFo/ykqXs=",
        "type": "file",
        "url": "https://devimages-cdn.apple.com/design/resources/download/NY.dmg"
      },
      "original": {
        "type": "file",
        "url": "https://devimages-cdn.apple.com/design/resources/download/NY.dmg"
      }
    },
    "root": {
      "inputs": {
        "apple-fonts": "apple-fonts",
        "boot-wars-grub": "boot-wars-grub",
        "boot-wars-plymouth": "boot-wars-plymouth",
        "flake-parts": "flake-parts",
        "import-tree": "import-tree",
        "nixpkgs": "nixpkgs_4",
        "noctalia": "noctalia",
        "wrapper-modules": "wrapper-modules"
      }
    },
    "sf-arabic": {
      "flake": false,
      "locked": {
        "narHash": "sha256-/0gjRimqvZyE60xYxxPdlU+7Q2LJnnvtbmwOP0YmS9U=",
        "type": "file",
        "url": "https://devimages-cdn.apple.com/design/resources/download/SF-Arabic.dmg"
      },
      "original": {
        "type": "file",
        "url": "https://devimages-cdn.apple.com/design/resources/download/SF-Arabic.dmg"
      }
    },
    "sf-armenian": {
      "flake": false,
      "locked": {
        "narHash": "sha256-rRoDkbNMYkzOHZmQm96Zv80TZvRlAeoxkv4pMHP5nUg=",
        "type": "file",
        "url": "https://devimages-cdn.apple.com/design/resources/download/SF-Armenian.dmg"
      },
      "original": {
        "type": "file",
        "url": "https://devimages-cdn.apple.com/design/resources/download/SF-Armenian.dmg"
      }
    },
    "sf-compact": {
      "flake": false,
      "locked": {
        "narHash": "sha256-C2TR3mVBorgBfdP7+L0YDq1ctefH62+iEBi19zlEpLU=",
        "type": "file",
        "url": "https://devimages-cdn.apple.com/design/resources/download/SF-Compact.dmg"
      },
      "original": {
        "type": "file",
        "url": "https://devimages-cdn.apple.com/design/resources/download/SF-Compact.dmg"
      }
    },
    "sf-georgian": {
      "flake": false,
      "locked": {
        "narHash": "sha256-IevVNOC28IiR45YfI3PsZzXLMRxuB5u7UiE53Zn6tRU=",
        "type": "file",
        "url": "https://devimages-cdn.apple.com/design/resources/download/SF-Georgian.dmg"
      },
      "original": {
        "type": "file",
        "url": "https://devimages-cdn.apple.com/design/resources/download/SF-Georgian.dmg"
      }
    },
    "sf-hebrew": {
      "flake": false,
      "locked": {
        "narHash": "sha256-Dw84kYwMpCtKKKqm8cZcQ9TZ7GayU5MO7W0LJw0Rcwk=",
        "type": "file",
        "url": "https://devimages-cdn.apple.com/design/resources/download/SF-Hebrew.dmg"
      },
      "original": {
        "type": "file",
        "url": "https://devimages-cdn.apple.com/design/resources/download/SF-Hebrew.dmg"
      }
    },
    "sf-mono": {
      "flake": false,
      "locked": {
        "narHash": "sha256-ICdHRFdNL7PM/fXJUzS7LgZxZiqcyIuCMHLze4En4vg=",
        "type": "file",
        "url": "https://devimages-cdn.apple.com/design/resources/download/SF-Mono.dmg"
      },
      "original": {
        "type": "file",
        "url": "https://devimages-cdn.apple.com/design/resources/download/SF-Mono.dmg"
      }
    },
    "sf-pro": {
      "flake": false,
      "locked": {
        "narHash": "sha256-56SORX7J5qTO9xrd4Zvgfwr8GBUrIzLc6pzg5C0c+zU=",
        "type": "file",
        "url": "https://devimages-cdn.apple.com/design/resources/download/SF-Pro.dmg"
      },
      "original": {
        "type": "file",
        "url": "https://devimages-cdn.apple.com/design/resources/download/SF-Pro.dmg"
      }
    },
    "wrapper-modules": {
      "inputs": {
        "nixpkgs": "nixpkgs_6"
      },
      "locked": {
        "lastModified": 1782135443,
        "narHash": "sha256-vAmbArdCyjqpVW+37aCy/PMBOLIqukUXLQuEKLwUhA4=",
        "owner": "BirdeeHub",
        "repo": "nix-wrapper-modules",
        "rev": "6e7f66fa2cdf4d63162580b438f7fcf87c28a46f",
        "type": "github"
      },
      "original": {
        "owner": "BirdeeHub",
        "repo": "nix-wrapper-modules",
        "type": "github"
      }
    }
  },
  "root": "root",
  "version": 7
}
